
Microsoft Visual Studio Solution File, Format Version 12.00
# Visual Studio Version 17
VisualStudioVersion = 17.9.34728.123
MinimumVisualStudioVersion = 10.0.40219.1
Project("{9A19103F-16F7-4668-BE54-9A1E7A4F7556}") = "PERazorWebApp", "PERazorWebApp\PERazorWebApp.csproj", "{98CEE922-3EBD-40EB-B801-F82DA0FC784D}"
EndProject
Project("{9A19103F-16F7-4668-BE54-9A1E7A4F7556}") = "Repository", "Repository\Repository.csproj", "{26C2BB0C-1B39-4709-9294-22CCFAC9F967}"
EndProject
Project("{9A19103F-16F7-4668-BE54-9A1E7A4F7556}") = "Service", "Service\Service.csproj", "{99B7CDDF-8ACB-4357-BB3E-38EADA8D56BF}"
EndProject
Global
	GlobalSection(SolutionConfigurationPlatforms) = preSolution
		Debug|Any CPU = Debug|Any CPU
		Release|Any CPU = Release|Any CPU
	EndGlobalSection
	GlobalSection(ProjectConfigurationPlatforms) = postSolution
		{98CEE922-3EBD-40EB-B801-F82DA0FC784D}.Debug|Any CPU.ActiveCfg = Debug|Any CPU
		{98CEE922-3EBD-40EB-B801-F82DA0FC784D}.Debug|Any CPU.Build.0 = Debug|Any CPU
		{98CEE922-3EBD-40EB-B801-F82DA0FC784D}.Release|Any CPU.ActiveCfg = Release|Any CPU
		{98CEE922-3EBD-40EB-B801-F82DA0FC784D}.Release|Any CPU.Build.0 = Release|Any CPU
		{26C2BB0C-1B39-4709-9294-22CCFAC9F967}.Debug|Any CPU.ActiveCfg = Debug|Any CPU
		{26C2BB0C-1B39-4709-9294-22CCFAC9F967}.Debug|Any CPU.Build.0 = Debug|Any CPU
		{26C2BB0C-1B39-4709-9294-22CCFAC9F967}.Release|Any CPU.ActiveCfg = Release|Any CPU
		{26C2BB0C-1B39-4709-9294-22CCFAC9F967}.Release|Any CPU.Build.0 = Release|Any CPU
		{99B7CDDF-8ACB-4357-BB3E-38EADA8D56BF}.Debug|Any CPU.ActiveCfg = Debug|Any CPU
		{99B7CDDF-8ACB-4357-BB3E-38EADA8D56BF}.Debug|Any CPU.Build.0 = Debug|Any CPU
		{99B7CDDF-8ACB-4357-BB3E-38EADA8D56BF}.Release|Any CPU.ActiveCfg = Release|Any CPU
		{99B7CDDF-8ACB-4357-BB3E-38EADA8D56BF}.Release|Any CPU.Build.0 = Release|Any CPU
	EndGlobalSection
	GlobalSection(SolutionProperties) = preSolution
		HideSolutionNode = FALSE
	EndGlobalSection
	GlobalSection(ExtensibilityGlobals) = postSolution
		SolutionGuid = {0A35DFD2-438C-4F14-9158-2F3D566EFF32}
	EndGlobalSection
EndGlobal
